
Microsoft Visual Studio Solution File, Format Version 12.00
# Visual Studio Version 17
VisualStudioVersion = 17.14.36603.0
MinimumVisualStudioVersion = 10.0.40219.1
Project("{FAE04EC0-301F-11D3-BF4B-00C04F79EFBC}") = "Mtf.Maui.YouTube.OAuth2", "Mtf.Maui.YouTube.OAuth2\Mtf.Maui.YouTube.OAuth2.csproj", "{F4CFF30B-1C8A-4222-A8F1-12D2B6859D0F}"
EndProject
Global
	GlobalSection(SolutionConfigurationPlatforms) = preSolution
		Debug|Any CPU = Debug|Any CPU
		Release|Any CPU = Release|Any CPU
	EndGlobalSection
	GlobalSection(ProjectConfigurationPlatforms) = postSolution
		{F4CFF30B-1C8A-4222-A8F1-12D2B6859D0F}.Debug|Any CPU.ActiveCfg = Debug|Any CPU
		{F4CFF30B-1C8A-4222-A8F1-12D2B6859D0F}.Debug|Any CPU.Build.0 = Debug|Any CPU
		{F4CFF30B-1C8A-4222-A8F1-12D2B6859D0F}.Release|Any CPU.ActiveCfg = Release|Any CPU
		{F4CFF30B-1C8A-4222-A8F1-12D2B6859D0F}.Release|Any CPU.Build.0 = Release|Any CPU
	EndGlobalSection
	GlobalSection(SolutionProperties) = preSolution
		HideSolutionNode = FALSE
	EndGlobalSection
	GlobalSection(ExtensibilityGlobals) = postSolution
		SolutionGuid = {A2C6AE07-39B9-4680-988B-E81A772AF5E5}
	EndGlobalSection
EndGlobal
